{
  "name": "countdown-clock",
  "version": "1.0.0",
  "lockfileVersion": 1,
  "requires": true,
  "dependencies": {
    "tiny-timer": {
      "version": "1.3.0",
      "resolved": "https://registry.npmjs.org/tiny-timer/-/tiny-timer-1.3.0.tgz",
      "integrity": "sha512-Lg39a7AAGItP/MQpV0U7dN/0WCisKx+kwaD2Ja/PcRCfbskhuo1Aqg0dyiIrvWutWov78hdwdtvsxav+UqQ5PQ=="
    }
  }
}
